
Microsoft Visual Studio Solution File, Format Version 12.00
# Visual Studio 15
VisualStudioVersion = 15.0.27130.2024
MinimumVisualStudioVersion = 10.0.40219.1
Project("{FAE04EC0-301F-11D3-BF4B-00C04F79EFBC}") = "TestDrive.Android", "TestDrive\TestDrive.Android\TestDrive.Android.csproj", "{9B1357FE-5243-480D-9144-62C5BC377AA5}"
EndProject
Project("{FAE04EC0-301F-11D3-BF4B-00C04F79EFBC}") = "TestDrive.iOS", "TestDrive\TestDrive.iOS\TestDrive.iOS.csproj", "{8FB95C42-591F-4A41-93D5-8DDBF9C79185}"
EndProject
Project("{FAE04EC0-301F-11D3-BF4B-00C04F79EFBC}") = "TestDrive.UWP", "TestDrive\TestDrive.UWP\TestDrive.UWP.csproj", "{9327BDA7-3FE4-4704-8AE5-4AB1D10DEB92}"
EndProject
Project("{FAE04EC0-301F-11D3-BF4B-00C04F79EFBC}") = "TestDrive", "TestDrive\TestDrive\TestDrive.csproj", "{86D23B7A-524E-43A0-82BA-2FDB2A5FE41E}"
EndProject
Global
	GlobalSection(SolutionConfigurationPlatforms) = preSolution
		Ad-Hoc|Any CPU = Ad-Hoc|Any CPU
		Ad-Hoc|ARM = Ad-Hoc|ARM
		Ad-Hoc|iPhone = Ad-Hoc|iPhone
		Ad-Hoc|iPhoneSimulator = Ad-Hoc|iPhoneSimulator
		Ad-Hoc|x64 = Ad-Hoc|x64
		Ad-Hoc|x86 = Ad-Hoc|x86
		AppStore|Any CPU = AppStore|Any CPU
		AppStore|ARM = AppStore|ARM
		AppStore|iPhone = AppStore|iPhone
		AppStore|iPhoneSimulator = AppStore|iPhoneSimulator
		AppStore|x64 = AppStore|x64
		AppStore|x86 = AppStore|x86
		Debug|Any CPU = Debug|Any CPU
		Debug|ARM = Debug|ARM
		Debug|iPhone = Debug|iPhone
		Debug|iPhoneSimulator = Debug|iPhoneSimulator
		Debug|x64 = Debug|x64
		Debug|x86 = Debug|x86
		Release|Any CPU = Release|Any CPU
		Release|ARM = Release|ARM
		Release|iPhone = Release|iPhone
		Release|iPhoneSimulator = Release|iPhoneSimulator
		Release|x64 = Release|x64
		Release|x86 = Release|x86
	EndGlobalSection
	GlobalSection(ProjectConfigurationPlatforms) = postSolution
		{9B1357FE-5243-480D-9144-62C5BC377AA5}.Ad-Hoc|Any CPU.ActiveCfg = Release|Any CPU
		{9B1357FE-5243-480D-9144-62C5BC377AA5}.Ad-Hoc|Any CPU.Build.0 = Release|Any CPU
		{9B1357FE-5243-480D-9144-62C5BC377AA5}.Ad-Hoc|Any CPU.Deploy.0 = Release|Any CPU
		{9B1357FE-5243-480D-9144-62C5BC377AA5}.Ad-Hoc|ARM.ActiveCfg = Release|Any CPU
		{9B1357FE-5243-480D-9144-62C5BC377AA5}.Ad-Hoc|ARM.Build.0 = Release|Any CPU
		{9B1357FE-5243-480D-9144-62C5BC377AA5}.Ad-Hoc|ARM.Deploy.0 = Release|Any CPU
		{9B1357FE-5243-480D-9144-62C5BC377AA5}.Ad-Hoc|iPhone.ActiveCfg = Release|Any CPU
		{9B1357FE-5243-480D-9144-62C5BC377AA5}.Ad-Hoc|iPhone.Build.0 = Release|Any CPU
		{9B1357FE-5243-480D-9144-62C5BC377AA5}.Ad-Hoc|iPhone.Deploy.0 = Release|Any CPU
		{9B1357FE-5243-480D-9144-62C5BC377AA5}.Ad-Hoc|iPhoneSimulator.ActiveCfg = Release|Any CPU
		{9B1357FE-5243-480D-9144-62C5BC377AA5}.Ad-Hoc|iPhoneSimulator.Build.0 = Release|Any CPU
		{9B1357FE-5243-480D-9144-62C5BC377AA5}.Ad-Hoc|iPhoneSimulator.Deploy.0 = Release|Any CPU
		{9B1357FE-5243-480D-9144-62C5BC377AA5}.Ad-Hoc|x64.ActiveCfg = Release|Any CPU
		{9B1357FE-5243-480D-9144-62C5BC377AA5}.Ad-Hoc|x64.Build.0 = Release|Any CPU
		{9B1357FE-5243-480D-9144-62C5BC377AA5}.Ad-Hoc|x64.Deploy.0 = Release|Any CPU
		{9B1357FE-5243-480D-9144-62C5BC377AA5}.Ad-Hoc|x86.ActiveCfg = Release|Any CPU
		{9B1357FE-5243-480D-9144-62C5BC377AA5}.Ad-Hoc|x86.Build.0 = Release|Any CPU
		{9B1357FE-5243-480D-9144-62C5BC377AA5}.Ad-Hoc|x86.Deploy.0 = Release|Any CPU
		{9B1357FE-5243-480D-9144-62C5BC377AA5}.AppStore|Any CPU.ActiveCfg = Release|Any CPU
		{9B1357FE-5243-480D-9144-62C5BC377AA5}.AppStore|Any CPU.Build.0 = Release|Any CPU
		{9B1357FE-5243-480D-9144-62C5BC377AA5}.AppStore|Any CPU.Deploy.0 = Release|Any CPU
		{9B1357FE-5243-480D-9144-62C5BC377AA5}.AppStore|ARM.ActiveCfg = Release|Any CPU
		{9B1357FE-5243-480D-9144-62C5BC377AA5}.AppStore|ARM.Build.0 = Release|Any CPU
		{9B1357FE-5243-480D-9144-62C5BC377AA5}.AppStore|ARM.Deploy.0 = Release|Any CPU
		{9B1357FE-5243-480D-9144-62C5BC377AA5}.AppStore|iPhone.ActiveCfg = Release|Any CPU
		{9B1357FE-5243-480D-9144-62C5BC377AA5}.AppStore|iPhone.Build.0 = Release|Any CPU
		{9B1357FE-5243-480D-9144-62C5BC377AA5}.AppStore|iPhone.Deploy.0 = Release|Any CPU
		{9B1357FE-5243-480D-9144-62C5BC377AA5}.AppStore|iPhoneSimulator.ActiveCfg = Release|Any CPU
		{9B1357FE-5243-480D-9144-62C5BC377AA5}.AppStore|iPhoneSimulator.Build.0 = Release|Any CPU
		{9B1357FE-5243-480D-9144-62C5BC377AA5}.AppStore|iPhoneSimulator.Deploy.0 = Release|Any CPU
		{9B1357FE-5243-480D-9144-62C5BC377AA5}.AppStore|x64.ActiveCfg = Release|Any CPU
		{9B1357FE-5243-480D-9144-62C5BC377AA5}.AppStore|x64.Build.0 = Release|Any CPU
		{9B1357FE-5243-480D-9144-62C5BC377AA5}.AppStore|x64.Deploy.0 = Release|Any CPU
		{9B1357FE-5243-480D-9144-62C5BC377AA5}.AppStore|x86.ActiveCfg = Release|Any CPU
		{9B1357FE-5243-480D-9144-62C5BC377AA5}.AppStore|x86.Build.0 = Release|Any CPU
		{9B1357FE-5243-480D-9144-62C5BC377AA5}.AppStore|x86.Deploy.0 = Release|Any CPU
		{9B1357FE-5243-480D-9144-62C5BC377AA5}.Debug|Any CPU.ActiveCfg = Debug|Any CPU
		{9B1357FE-5243-480D-9144-62C5BC377AA5}.Debug|Any CPU.Build.0 = Debug|Any CPU
		{9B1357FE-5243-480D-9144-62C5BC377AA5}.Debug|Any CPU.Deploy.0 = Debug|Any CPU
		{9B1357FE-5243-480D-9144-62C5BC377AA5}.Debug|ARM.ActiveCfg = Debug|Any CPU
		{9B1357FE-5243-480D-9144-62C5BC377AA5}.Debug|ARM.Build.0 = Debug|Any CPU
		{9B1357FE-5243-480D-9144-62C5BC377AA5}.Debug|ARM.Deploy.0 = Debug|Any CPU
		{9B1357FE-5243-480D-9144-62C5BC377AA5}.Debug|iPhone.ActiveCfg = Debug|Any CPU
		{9B1357FE-5243-480D-9144-62C5BC377AA5}.Debug|iPhone.Build.0 = Debug|Any CPU
		{9B1357FE-5243-480D-9144-62C5BC377AA5}.Debug|iPhone.Deploy.0 = Debug|Any CPU
		{9B1357FE-5243-480D-9144-62C5BC377AA5}.Debug|iPhoneSimulator.ActiveCfg = Debug|Any CPU
		{9B1357FE-5243-480D-9144-62C5BC377AA5}.Debug|iPhoneSimulator.Build.0 = Debug|Any CPU
		{9B1357FE-5243-480D-9144-62C5BC377AA5}.Debug|iPhoneSimulator.Deploy.0 = Debug|Any CPU
		{9B1357FE-5243-480D-9144-62C5BC377AA5}.Debug|x64.ActiveCfg = Debug|Any CPU
		{9B1357FE-5243-480D-9144-62C5BC377AA5}.Debug|x64.Build.0 = Debug|Any CPU
		{9B1357FE-5243-480D-9144-62C5BC377AA5}.Debug|x64.Deploy.0 = Debug|Any CPU
		{9B1357FE-5243-480D-9144-62C5BC377AA5}.Debug|x86.ActiveCfg = Debug|Any CPU
		{9B1357FE-5243-480D-9144-62C5BC377AA5}.Debug|x86.Build.0 = Debug|Any CPU
		{9B1357FE-5243-480D-9144-62C5BC377AA5}.Debug|x86.Deploy.0 = Debug|Any CPU
		{9B1357FE-5243-480D-9144-62C5BC377AA5}.Release|Any CPU.ActiveCfg = Release|Any CPU
		{9B1357FE-5243-480D-9144-62C5BC377AA5}.Release|Any CPU.Build.0 = Release|Any CPU
		{9B1357FE-5243-480D-9144-62C5BC377AA5}.Release|Any CPU.Deploy.0 = Release|Any CPU
		{9B1357FE-5243-480D-9144-62C5BC377AA5}.Release|ARM.ActiveCfg = Release|Any CPU
		{9B1357FE-5243-480D-9144-62C5BC377AA5}.Release|ARM.Build.0 = Release|Any CPU
		{9B1357FE-5243-480D-9144-62C5BC377AA5}.Release|ARM.Deploy.0 = Release|Any CPU
		{9B1357FE-5243-480D-9144-62C5BC377AA5}.Release|iPhone.ActiveCfg = Release|Any CPU
		{9B1357FE-5243-480D-9144-62C5BC377AA5}.Release|iPhone.Build.0 = Release|Any CPU
		{9B1357FE-5243-480D-9144-62C5BC377AA5}.Release|iPhone.Deploy.0 = Release|Any CPU
		{9B1357FE-5243-480D-9144-62C5BC377AA5}.Release|iPhoneSimulator.ActiveCfg = Release|Any CPU
		{9B1357FE-5243-480D-9144-62C5BC377AA5}.Release|iPhoneSimulator.Build.0 = Release|Any CPU
		{9B1357FE-5243-480D-9144-62C5BC377AA5}.Release|iPhoneSimulator.Deploy.0 = Release|Any CPU
		{9B1357FE-5243-480D-9144-62C5BC377AA5}.Release|x64.ActiveCfg = Release|Any CPU
		{9B1357FE-5243-480D-9144-62C5BC377AA5}.Release|x64.Build.0 = Release|Any CPU
		{9B1357FE-5243-480D-9144-62C5BC377AA5}.Release|x64.Deploy.0 = Release|Any CPU
		{9B1357FE-5243-480D-9144-62C5BC377AA5}.Release|x86.ActiveCfg = Release|Any CPU
		{9B1357FE-5243-480D-9144-62C5BC377AA5}.Release|x86.Build.0 = Release|Any CPU
		{9B1357FE-5243-480D-9144-62C5BC377AA5}.Release|x86.Deploy.0 = Release|Any CPU
		{8FB95C42-591F-4A41-93D5-8DDBF9C79185}.Ad-Hoc|Any CPU.ActiveCfg = Ad-Hoc|iPhone
		{8FB95C42-591F-4A41-93D5-8DDBF9C79185}.Ad-Hoc|ARM.ActiveCfg = Ad-Hoc|iPhone
		{8FB95C42-591F-4A41-93D5-8DDBF9C79185}.Ad-Hoc|iPhone.ActiveCfg = Ad-Hoc|iPhone
		{8FB95C42-591F-4A41-93D5-8DDBF9C79185}.Ad-Hoc|iPhone.Build.0 = Ad-Hoc|iPhone
		{8FB95C42-591F-4A41-93D5-8DDBF9C79185}.Ad-Hoc|iPhoneSimulator.ActiveCfg = Ad-Hoc|iPhoneSimulator
		{8FB95C42-591F-4A41-93D5-8DDBF9C79185}.Ad-Hoc|iPhoneSimulator.Build.0 = Ad-Hoc|iPhoneSimulator
		{8FB95C42-591F-4A41-93D5-8DDBF9C79185}.Ad-Hoc|x64.ActiveCfg = Ad-Hoc|iPhone
		{8FB95C42-591F-4A41-93D5-8DDBF9C79185}.Ad-Hoc|x86.ActiveCfg = Ad-Hoc|iPhone
		{8FB95C42-591F-4A41-93D5-8DDBF9C79185}.AppStore|Any CPU.ActiveCfg = AppStore|iPhone
		{8FB95C42-591F-4A41-93D5-8DDBF9C79185}.AppStore|ARM.ActiveCfg = AppStore|iPhone
		{8FB95C42-591F-4A41-93D5-8DDBF9C79185}.AppStore|iPhone.ActiveCfg = AppStore|iPhone
		{8FB95C42-591F-4A41-93D5-8DDBF9C79185}.AppStore|iPhone.Build.0 = AppStore|iPhone
		{8FB95C42-591F-4A41-93D5-8DDBF9C79185}.AppStore|iPhoneSimulator.ActiveCfg = AppStore|iPhoneSimulator
		{8FB95C42-591F-4A41-93D5-8DDBF9C79185}.AppStore|iPhoneSimulator.Build.0 = AppStore|iPhoneSimulator
		{8FB95C42-591F-4A41-93D5-8DDBF9C79185}.AppStore|x64.ActiveCfg = AppStore|iPhone
		{8FB95C42-591F-4A41-93D5-8DDBF9C79185}.AppStore|x86.ActiveCfg = AppStore|iPhone
		{8FB95C42-591F-4A41-93D5-8DDBF9C79185}.Debug|Any CPU.ActiveCfg = Debug|iPhone
		{8FB95C42-591F-4A41-93D5-8DDBF9C79185}.Debug|ARM.ActiveCfg = Debug|iPhone
		{8FB95C42-591F-4A41-93D5-8DDBF9C79185}.Debug|iPhone.ActiveCfg = Debug|iPhone
		{8FB95C42-591F-4A41-93D5-8DDBF9C79185}.Debug|iPhone.Build.0 = Debug|iPhone
		{8FB95C42-591F-4A41-93D5-8DDBF9C79185}.Debug|iPhoneSimulator.ActiveCfg = Debug|iPhoneSimulator
		{8FB95C42-591F-4A41-93D5-8DDBF9C79185}.Debug|iPhoneSimulator.Build.0 = Debug|iPhoneSimulator
		{8FB95C42-591F-4A41-93D5-8DDBF9C79185}.Debug|x64.ActiveCfg = Debug|iPhone
		{8FB95C42-591F-4A41-93D5-8DDBF9C79185}.Debug|x86.ActiveCfg = Debug|iPhone
		{8FB95C42-591F-4A41-93D5-8DDBF9C79185}.Release|Any CPU.ActiveCfg = Release|iPhone
		{8FB95C42-591F-4A41-93D5-8DDBF9C79185}.Release|ARM.ActiveCfg = Release|iPhone
		{8FB95C42-591F-4A41-93D5-8DDBF9C79185}.Release|iPhone.ActiveCfg = Release|iPhone
		{8FB95C42-591F-4A41-93D5-8DDBF9C79185}.Release|iPhone.Build.0 = Release|iPhone
		{8FB95C42-591F-4A41-93D5-8DDBF9C79185}.Release|iPhoneSimulator.ActiveCfg = Release|iPhoneSimulator
		{8FB95C42-591F-4A41-93D5-8DDBF9C79185}.Release|iPhoneSimulator.Build.0 = Release|iPhoneSimulator
		{8FB95C42-591F-4A41-93D5-8DDBF9C79185}.Release|x64.ActiveCfg = Release|iPhone
		{8FB95C42-591F-4A41-93D5-8DDBF9C79185}.Release|x86.ActiveCfg = Release|iPhone
		{9327BDA7-3FE4-4704-8AE5-4AB1D10DEB92}.Ad-Hoc|Any CPU.ActiveCfg = Release|x86
		{9327BDA7-3FE4-4704-8AE5-4AB1D10DEB92}.Ad-Hoc|Any CPU.Build.0 = Release|x86
		{9327BDA7-3FE4-4704-8AE5-4AB1D10DEB92}.Ad-Hoc|Any CPU.Deploy.0 = Release|x86
		{9327BDA7-3FE4-4704-8AE5-4AB1D10DEB92}.Ad-Hoc|ARM.ActiveCfg = Release|ARM
		{9327BDA7-3FE4-4704-8AE5-4AB1D10DEB92}.Ad-Hoc|ARM.Build.0 = Release|ARM
		{9327BDA7-3FE4-4704-8AE5-4AB1D10DEB92}.Ad-Hoc|ARM.Deploy.0 = Release|ARM
		{9327BDA7-3FE4-4704-8AE5-4AB1D10DEB92}.Ad-Hoc|iPhone.ActiveCfg = Release|x86
		{9327BDA7-3FE4-4704-8AE5-4AB1D10DEB92}.Ad-Hoc|iPhone.Build.0 = Release|x86
		{9327BDA7-3FE4-4704-8AE5-4AB1D10DEB92}.Ad-Hoc|iPhone.Deploy.0 = Release|x86
		{9327BDA7-3FE4-4704-8AE5-4AB1D10DEB92}.Ad-Hoc|iPhoneSimulator.ActiveCfg = Release|x86
		{9327BDA7-3FE4-4704-8AE5-4AB1D10DEB92}.Ad-Hoc|iPhoneSimulator.Build.0 = Release|x86
		{9327BDA7-3FE4-4704-8AE5-4AB1D10DEB92}.Ad-Hoc|iPhoneSimulator.Deploy.0 = Release|x86
		{9327BDA7-3FE4-4704-8AE5-4AB1D10DEB92}.Ad-Hoc|x64.ActiveCfg = Release|x64
		{9327BDA7-3FE4-4704-8AE5-4AB1D10DEB92}.Ad-Hoc|x64.Build.0 = Release|x64
		{9327BDA7-3FE4-4704-8AE5-4AB1D10DEB92}.Ad-Hoc|x64.Deploy.0 = Release|x64
		{9327BDA7-3FE4-4704-8AE5-4AB1D10DEB92}.Ad-Hoc|x86.ActiveCfg = Release|x86
		{9327BDA7-3FE4-4704-8AE5-4AB1D10DEB92}.Ad-Hoc|x86.Build.0 = Release|x86
		{9327BDA7-3FE4-4704-8AE5-4AB1D10DEB92}.Ad-Hoc|x86.Deploy.0 = Release|x86
		{9327BDA7-3FE4-4704-8AE5-4AB1D10DEB92}.AppStore|Any CPU.ActiveCfg = Release|x86
		{9327BDA7-3FE4-4704-8AE5-4AB1D10DEB92}.AppStore|Any CPU.Build.0 = Release|x86
		{9327BDA7-3FE4-4704-8AE5-4AB1D10DEB92}.AppStore|Any CPU.Deploy.0 = Release|x86
		{9327BDA7-3FE4-4704-8AE5-4AB1D10DEB92}.AppStore|ARM.ActiveCfg = Release|ARM
		{9327BDA7-3FE4-4704-8AE5-4AB1D10DEB92}.AppStore|ARM.Build.0 = Release|ARM
		{9327BDA7-3FE4-4704-8AE5-4AB1D10DEB92}.AppStore|ARM.Deploy.0 = Release|ARM
		{9327BDA7-3FE4-4704-8AE5-4AB1D10DEB92}.AppStore|iPhone.ActiveCfg = Release|x86
		{9327BDA7-3FE4-4704-8AE5-4AB1D10DEB92}.AppStore|iPhone.Build.0 = Release|x86
		{9327BDA7-3FE4-4704-8AE5-4AB1D10DEB92}.AppStore|iPhone.Deploy.0 = Release|x86
		{9327BDA7-3FE4-4704-8AE5-4AB1D10DEB92}.AppStore|iPhoneSimulator.ActiveCfg = Release|x86
		{9327BDA7-3FE4-4704-8AE5-4AB1D10DEB92}.AppStore|iPhoneSimulator.Build.0 = Release|x86
		{9327BDA7-3FE4-4704-8AE5-4AB1D10DEB92}.AppStore|iPhoneSimulator.Deploy.0 = Release|x86
		{9327BDA7-3FE4-4704-8AE5-4AB1D10DEB92}.AppStore|x64.ActiveCfg = Release|x64
		{9327BDA7-3FE4-4704-8AE5-4AB1D10DEB92}.AppStore|x64.Build.0 = Release|x64
		{9327BDA7-3FE4-4704-8AE5-4AB1D10DEB92}.AppStore|x64.Deploy.0 = Release|x64
		{9327BDA7-3FE4-4704-8AE5-4AB1D10DEB92}.AppStore|x86.ActiveCfg = Release|x86
		{9327BDA7-3FE4-4704-8AE5-4AB1D10DEB92}.AppStore|x86.Build.0 = Release|x86
		{9327BDA7-3FE4-4704-8AE5-4AB1D10DEB92}.AppStore|x86.Deploy.0 = Release|x86
		{9327BDA7-3FE4-4704-8AE5-4AB1D10DEB92}.Debug|Any CPU.ActiveCfg = Debug|x86
		{9327BDA7-3FE4-4704-8AE5-4AB1D10DEB92}.Debug|ARM.ActiveCfg = Debug|ARM
		{9327BDA7-3FE4-4704-8AE5-4AB1D10DEB92}.Debug|ARM.Build.0 = Debug|ARM
		{9327BDA7-3FE4-4704-8AE5-4AB1D10DEB92}.Debug|ARM.Deploy.0 = Debug|ARM
		{9327BDA7-3FE4-4704-8AE5-4AB1D10DEB92}.Debug|iPhone.ActiveCfg = Debug|x86
		{9327BDA7-3FE4-4704-8AE5-4AB1D10DEB92}.Debug|iPhoneSimulator.ActiveCfg = Debug|x86
		{9327BDA7-3FE4-4704-8AE5-4AB1D10DEB92}.Debug|x64.ActiveCfg = Debug|x64
		{9327BDA7-3FE4-4704-8AE5-4AB1D10DEB92}.Debug|x64.Build.0 = Debug|x64
		{9327BDA7-3FE4-4704-8AE5-4AB1D10DEB92}.Debug|x64.Deploy.0 = Debug|x64
		{9327BDA7-3FE4-4704-8AE5-4AB1D10DEB92}.Debug|x86.ActiveCfg = Debug|x86
		{9327BDA7-3FE4-4704-8AE5-4AB1D10DEB92}.Debug|x86.Build.0 = Debug|x86
		{9327BDA7-3FE4-4704-8AE5-4AB1D10DEB92}.Debug|x86.Deploy.0 = Debug|x86
		{9327BDA7-3FE4-4704-8AE5-4AB1D10DEB92}.Release|Any CPU.ActiveCfg = Release|x86
		{9327BDA7-3FE4-4704-8AE5-4AB1D10DEB92}.Release|ARM.ActiveCfg = Release|ARM
		{9327BDA7-3FE4-4704-8AE5-4AB1D10DEB92}.Release|ARM.Build.0 = Release|ARM
		{9327BDA7-3FE4-4704-8AE5-4AB1D10DEB92}.Release|ARM.Deploy.0 = Release|ARM
		{9327BDA7-3FE4-4704-8AE5-4AB1D10DEB92}.Release|iPhone.ActiveCfg = Release|x86
		{9327BDA7-3FE4-4704-8AE5-4AB1D10DEB92}.Release|iPhoneSimulator.ActiveCfg = Release|x86
		{9327BDA7-3FE4-4704-8AE5-4AB1D10DEB92}.Release|x64.ActiveCfg = Release|x64
		{9327BDA7-3FE4-4704-8AE5-4AB1D10DEB92}.Release|x64.Build.0 = Release|x64
		{9327BDA7-3FE4-4704-8AE5-4AB1D10DEB92}.Release|x64.Deploy.0 = Release|x64
		{9327BDA7-3FE4-4704-8AE5-4AB1D10DEB92}.Release|x86.ActiveCfg = Release|x86
		{9327BDA7-3FE4-4704-8AE5-4AB1D10DEB92}.Release|x86.Build.0 = Release|x86
		{9327BDA7-3FE4-4704-8AE5-4AB1D10DEB92}.Release|x86.Deploy.0 = Release|x86
		{86D23B7A-524E-43A0-82BA-2FDB2A5FE41E}.Ad-Hoc|Any CPU.ActiveCfg = Debug|Any CPU
		{86D23B7A-524E-43A0-82BA-2FDB2A5FE41E}.Ad-Hoc|Any CPU.Build.0 = Debug|Any CPU
		{86D23B7A-524E-43A0-82BA-2FDB2A5FE41E}.Ad-Hoc|ARM.ActiveCfg = Debug|Any CPU
		{86D23B7A-524E-43A0-82BA-2FDB2A5FE41E}.Ad-Hoc|ARM.Build.0 = Debug|Any CPU
		{86D23B7A-524E-43A0-82BA-2FDB2A5FE41E}.Ad-Hoc|iPhone.ActiveCfg = Debug|Any CPU
		{86D23B7A-524E-43A0-82BA-2FDB2A5FE41E}.Ad-Hoc|iPhone.Build.0 = Debug|Any CPU
		{86D23B7A-524E-43A0-82BA-2FDB2A5FE41E}.Ad-Hoc|iPhoneSimulator.ActiveCfg = Debug|Any CPU
		{86D23B7A-524E-43A0-82BA-2FDB2A5FE41E}.Ad-Hoc|iPhoneSimulator.Build.0 = Debug|Any CPU
		{86D23B7A-524E-43A0-82BA-2FDB2A5FE41E}.Ad-Hoc|x64.ActiveCfg = Debug|Any CPU
		{86D23B7A-524E-43A0-82BA-2FDB2A5FE41E}.Ad-Hoc|x64.Build.0 = Debug|Any CPU
		{86D23B7A-524E-43A0-82BA-2FDB2A5FE41E}.Ad-Hoc|x86.ActiveCfg = Debug|Any CPU
		{86D23B7A-524E-43A0-82BA-2FDB2A5FE41E}.Ad-Hoc|x86.Build.0 = Debug|Any CPU
		{86D23B7A-524E-43A0-82BA-2FDB2A5FE41E}.AppStore|Any CPU.ActiveCfg = Debug|Any CPU
		{86D23B7A-524E-43A0-82BA-2FDB2A5FE41E}.AppStore|Any CPU.Build.0 = Debug|Any CPU
		{86D23B7A-524E-43A0-82BA-2FDB2A5FE41E}.AppStore|ARM.ActiveCfg = Debug|Any CPU
		{86D23B7A-524E-43A0-82BA-2FDB2A5FE41E}.AppStore|ARM.Build.0 = Debug|Any CPU
		{86D23B7A-524E-43A0-82BA-2FDB2A5FE41E}.AppStore|iPhone.ActiveCfg = Debug|Any CPU
		{86D23B7A-524E-43A0-82BA-2FDB2A5FE41E}.AppStore|iPhone.Build.0 = Debug|Any CPU
		{86D23B7A-524E-43A0-82BA-2FDB2A5FE41E}.AppStore|iPhoneSimulator.ActiveCfg = Debug|Any CPU
		{86D23B7A-524E-43A0-82BA-2FDB2A5FE41E}.AppStore|iPhoneSimulator.Build.0 = Debug|Any CPU
		{86D23B7A-524E-43A0-82BA-2FDB2A5FE41E}.AppStore|x64.ActiveCfg = Debug|Any CPU
		{86D23B7A-524E-43A0-82BA-2FDB2A5FE41E}.AppStore|x64.Build.0 = Debug|Any CPU
		{86D23B7A-524E-43A0-82BA-2FDB2A5FE41E}.AppStore|x86.ActiveCfg = Debug|Any CPU
		{86D23B7A-524E-43A0-82BA-2FDB2A5FE41E}.AppStore|x86.Build.0 = Debug|Any CPU
		{86D23B7A-524E-43A0-82BA-2FDB2A5FE41E}.Debug|Any CPU.ActiveCfg = Debug|Any CPU
		{86D23B7A-524E-43A0-82BA-2FDB2A5FE41E}.Debug|Any CPU.Build.0 = Debug|Any CPU
		{86D23B7A-524E-43A0-82BA-2FDB2A5FE41E}.Debug|ARM.ActiveCfg = Debug|Any CPU
		{86D23B7A-524E-43A0-82BA-2FDB2A5FE41E}.Debug|ARM.Build.0 = Debug|Any CPU
		{86D23B7A-524E-43A0-82BA-2FDB2A5FE41E}.Debug|iPhone.ActiveCfg = Debug|Any CPU
		{86D23B7A-524E-43A0-82BA-2FDB2A5FE41E}.Debug|iPhone.Build.0 = Debug|Any CPU
		{86D23B7A-524E-43A0-82BA-2FDB2A5FE41E}.Debug|iPhoneSimulator.ActiveCfg = Debug|Any CPU
		{86D23B7A-524E-43A0-82BA-2FDB2A5FE41E}.Debug|iPhoneSimulator.Build.0 = Debug|Any CPU
		{86D23B7A-524E-43A0-82BA-2FDB2A5FE41E}.Debug|x64.ActiveCfg = Debug|Any CPU
		{86D23B7A-524E-43A0-82BA-2FDB2A5FE41E}.Debug|x64.Build.0 = Debug|Any CPU
		{86D23B7A-524E-43A0-82BA-2FDB2A5FE41E}.Debug|x86.ActiveCfg = Debug|Any CPU
		{86D23B7A-524E-43A0-82BA-2FDB2A5FE41E}.Debug|x86.Build.0 = Debug|Any CPU
		{86D23B7A-524E-43A0-82BA-2FDB2A5FE41E}.Release|Any CPU.ActiveCfg = Release|Any CPU
		{86D23B7A-524E-43A0-82BA-2FDB2A5FE41E}.Release|Any CPU.Build.0 = Release|Any CPU
		{86D23B7A-524E-43A0-82BA-2FDB2A5FE41E}.Release|ARM.ActiveCfg = Release|Any CPU
		{86D23B7A-524E-43A0-82BA-2FDB2A5FE41E}.Release|ARM.Build.0 = Release|Any CPU
		{86D23B7A-524E-43A0-82BA-2FDB2A5FE41E}.Release|iPhone.ActiveCfg = Release|Any CPU
		{86D23B7A-524E-43A0-82BA-2FDB2A5FE41E}.Release|iPhone.Build.0 = Release|Any CPU
		{86D23B7A-524E-43A0-82BA-2FDB2A5FE41E}.Release|iPhoneSimulator.ActiveCfg = Release|Any CPU
		{86D23B7A-524E-43A0-82BA-2FDB2A5FE41E}.Release|iPhoneSimulator.Build.0 = Release|Any CPU
		{86D23B7A-524E-43A0-82BA-2FDB2A5FE41E}.Release|x64.ActiveCfg = Release|Any CPU
		{86D23B7A-524E-43A0-82BA-2FDB2A5FE41E}.Release|x64.Build.0 = Release|Any CPU
		{86D23B7A-524E-43A0-82BA-2FDB2A5FE41E}.Release|x86.ActiveCfg = Release|Any CPU
		{86D23B7A-524E-43A0-82BA-2FDB2A5FE41E}.Release|x86.Build.0 = Release|Any CPU
	EndGlobalSection
	GlobalSection(SolutionProperties) = preSolution
		HideSolutionNode = FALSE
	EndGlobalSection
	GlobalSection(ExtensibilityGlobals) = postSolution
		SolutionGuid = {0A16CD12-1933-407D-8A86-C9DC7903DB75}
	EndGlobalSection
EndGlobal
